
Microsoft Visual Studio Solution File, Format Version 12.00
# Visual Studio Version 17
VisualStudioVersion = 17.14.37111.16
MinimumVisualStudioVersion = 10.0.40219.1
Project("{FAE04EC0-301F-11D3-BF4B-00C04F79EFBC}") = "HelloWorld_IOS", "HelloWorld_IOS\HelloWorld_IOS.csproj", "{2DF4FF72-2D04-4459-A678-716B39E6DAFE}"
EndProject
Project("{FAE04EC0-301F-11D3-BF4B-00C04F79EFBC}") = "NwdViewer.Aps", "NwdViewer.Aps\NwdViewer.Aps.csproj", "{673EB078-AEC5-48CA-B926-970F30BD8C5A}"
EndProject
Global
	GlobalSection(SolutionConfigurationPlatforms) = preSolution
		Debug|Any CPU = Debug|Any CPU
		Debug|x64 = Debug|x64
		Debug|x86 = Debug|x86
		Release|Any CPU = Release|Any CPU
		Release|x64 = Release|x64
		Release|x86 = Release|x86
	EndGlobalSection
	GlobalSection(ProjectConfigurationPlatforms) = postSolution
		{2DF4FF72-2D04-4459-A678-716B39E6DAFE}.Debug|Any CPU.ActiveCfg = Debug|Any CPU
		{2DF4FF72-2D04-4459-A678-716B39E6DAFE}.Debug|Any CPU.Build.0 = Debug|Any CPU
		{2DF4FF72-2D04-4459-A678-716B39E6DAFE}.Debug|x64.ActiveCfg = Debug|Any CPU
		{2DF4FF72-2D04-4459-A678-716B39E6DAFE}.Debug|x64.Build.0 = Debug|Any CPU
		{2DF4FF72-2D04-4459-A678-716B39E6DAFE}.Debug|x86.ActiveCfg = Debug|Any CPU
		{2DF4FF72-2D04-4459-A678-716B39E6DAFE}.Debug|x86.Build.0 = Debug|Any CPU
		{2DF4FF72-2D04-4459-A678-716B39E6DAFE}.Release|Any CPU.ActiveCfg = Release|Any CPU
		{2DF4FF72-2D04-4459-A678-716B39E6DAFE}.Release|Any CPU.Build.0 = Release|Any CPU
		{2DF4FF72-2D04-4459-A678-716B39E6DAFE}.Release|x64.ActiveCfg = Release|Any CPU
		{2DF4FF72-2D04-4459-A678-716B39E6DAFE}.Release|x64.Build.0 = Release|Any CPU
		{2DF4FF72-2D04-4459-A678-716B39E6DAFE}.Release|x86.ActiveCfg = Release|Any CPU
		{2DF4FF72-2D04-4459-A678-716B39E6DAFE}.Release|x86.Build.0 = Release|Any CPU
		{673EB078-AEC5-48CA-B926-970F30BD8C5A}.Debug|Any CPU.ActiveCfg = Debug|Any CPU
		{673EB078-AEC5-48CA-B926-970F30BD8C5A}.Debug|Any CPU.Build.0 = Debug|Any CPU
		{673EB078-AEC5-48CA-B926-970F30BD8C5A}.Debug|x64.ActiveCfg = Debug|Any CPU
		{673EB078-AEC5-48CA-B926-970F30BD8C5A}.Debug|x64.Build.0 = Debug|Any CPU
		{673EB078-AEC5-48CA-B926-970F30BD8C5A}.Debug|x86.ActiveCfg = Debug|Any CPU
		{673EB078-AEC5-48CA-B926-970F30BD8C5A}.Debug|x86.Build.0 = Debug|Any CPU
		{673EB078-AEC5-48CA-B926-970F30BD8C5A}.Release|Any CPU.ActiveCfg = Release|Any CPU
		{673EB078-AEC5-48CA-B926-970F30BD8C5A}.Release|Any CPU.Build.0 = Release|Any CPU
		{673EB078-AEC5-48CA-B926-970F30BD8C5A}.Release|x64.ActiveCfg = Release|Any CPU
		{673EB078-AEC5-48CA-B926-970F30BD8C5A}.Release|x64.Build.0 = Release|Any CPU
		{673EB078-AEC5-48CA-B926-970F30BD8C5A}.Release|x86.ActiveCfg = Release|Any CPU
		{673EB078-AEC5-48CA-B926-970F30BD8C5A}.Release|x86.Build.0 = Release|Any CPU
	EndGlobalSection
	GlobalSection(SolutionProperties) = preSolution
		HideSolutionNode = FALSE
	EndGlobalSection
	GlobalSection(ExtensibilityGlobals) = postSolution
		SolutionGuid = {F0552E0C-B3FF-4F12-8C71-BC4B2CD5B19D}
	EndGlobalSection
EndGlobal
